
Microsoft Visual Studio Solution File, Format Version 12.00
# Visual Studio 15
VisualStudioVersion = 15.0.28307.852
MinimumVisualStudioVersion = 10.0.40219.1
Project("{FAE04EC0-301F-11D3-BF4B-00C04F79EFBC}") = "ServicioComedalApi", "ServicioComedalApi\ServicioComedalApi.csproj", "{4DB9A683-1F6A-4BD9-B2DC-9FBB4A05F6F1}"
EndProject
Global
	GlobalSection(SolutionConfigurationPlatforms) = preSolution
		Debug|Any CPU = Debug|Any CPU
		Release|Any CPU = Release|Any CPU
	EndGlobalSection
	GlobalSection(ProjectConfigurationPlatforms) = postSolution
		{4DB9A683-1F6A-4BD9-B2DC-9FBB4A05F6F1}.Debug|Any CPU.ActiveCfg = Debug|Any CPU
		{4DB9A683-1F6A-4BD9-B2DC-9FBB4A05F6F1}.Debug|Any CPU.Build.0 = Debug|Any CPU
		{4DB9A683-1F6A-4BD9-B2DC-9FBB4A05F6F1}.Release|Any CPU.ActiveCfg = Release|Any CPU
		{4DB9A683-1F6A-4BD9-B2DC-9FBB4A05F6F1}.Release|Any CPU.Build.0 = Release|Any CPU
	EndGlobalSection
	GlobalSection(SolutionProperties) = preSolution
		HideSolutionNode = FALSE
	EndGlobalSection
	GlobalSection(ExtensibilityGlobals) = postSolution
		SolutionGuid = {A32DB4DD-9998-4413-80C0-D2BC3573F74D}
	EndGlobalSection
EndGlobal
